
Microsoft Visual Studio Solution File, Format Version 12.00
# Visual Studio Version 17
VisualStudioVersion = 17.5.002.0
MinimumVisualStudioVersion = 10.0.40219.1
Project("{9A19103F-16F7-4668-BE54-9A1E7A4F7556}") = "kube-operator", "src\kube-operator.csproj", "{8582F76A-D0C1-46FA-A88E-FFF56E671EFE}"
EndProject
Global
	GlobalSection(SolutionConfigurationPlatforms) = preSolution
		Debug|Any CPU = Debug|Any CPU
		Release|Any CPU = Release|Any CPU
	EndGlobalSection
	GlobalSection(ProjectConfigurationPlatforms) = postSolution
		{8582F76A-D0C1-46FA-A88E-FFF56E671EFE}.Debug|Any CPU.ActiveCfg = Debug|Any CPU
		{8582F76A-D0C1-46FA-A88E-FFF56E671EFE}.Debug|Any CPU.Build.0 = Debug|Any CPU
		{8582F76A-D0C1-46FA-A88E-FFF56E671EFE}.Release|Any CPU.ActiveCfg = Release|Any CPU
		{8582F76A-D0C1-46FA-A88E-FFF56E671EFE}.Release|Any CPU.Build.0 = Release|Any CPU
	EndGlobalSection
	GlobalSection(SolutionProperties) = preSolution
		HideSolutionNode = FALSE
	EndGlobalSection
	GlobalSection(ExtensibilityGlobals) = postSolution
		SolutionGuid = {307BA22A-8AE8-4ED6-8FEE-FF2A0C2BF07F}
	EndGlobalSection
EndGlobal
